{
  "name": "io-next",
  "version": "1.0.0",
  "lockfileVersion": 1,
  "requires": true,
  "dependencies": {
    "@types/node": {
      "version": "14.0.26",
      "resolved": "https://registry.npmjs.org/@types/node/-/node-14.0.26.tgz",
      "integrity": "sha512-W+fpe5s91FBGE0pEa0lnqGLL4USgpLgs4nokw16SrBBco/gQxuua7KnArSEOd5iaMqbbSHV10vUDkJYJJqpXKA==",
      "dev": true
    },
    "typescript": {
      "version": "https://typescript.visualstudio.com/cf7ac146-d525-443c-b23c-0d58337efebc/_apis/build/builds/100059/artifacts?artifactName=tgz&fileId=D3836CF7DD5F6438481C5BCDBEE7A63AB21880164FEFD2BD75085B15EB974FCE02&fileName=/typescript-4.3.0-insiders.20210404.tgz",
      "integrity": "sha512-Gsypu3coxsknzlDVoGGc+tZw/YA2LndvGBHa+lR7FBtdmfo/LJrj5b9qbWRA5GLbpkqwv8DE4FQimSFrHasBWg==",
      "dev": true
    }
  }
}
