{
  "name": "io-next",
  "version": "1.0.0",
  "lockfileVersion": 2,
  "requires": true,
  "packages": {
    "": {
      "version": "1.0.0",
      "license": "MIT",
      "devDependencies": {
        "typescript": "https://typescript.visualstudio.com/cf7ac146-d525-443c-b23c-0d58337efebc/_apis/build/builds/101226/artifacts?artifactName=tgz&fileId=52B72C8EFE9367109126FF631C5367AC4E9A15482B3AD34AB472EEEEED73464F02&fileName=/typescript-4.3.0-insiders.20210418.tgz"
      }
    },
    "node_modules/typescript": {
      "version": "4.3.0-insiders.20210418",
      "resolved": "https://typescript.visualstudio.com/cf7ac146-d525-443c-b23c-0d58337efebc/_apis/build/builds/101226/artifacts?artifactName=tgz&fileId=52B72C8EFE9367109126FF631C5367AC4E9A15482B3AD34AB472EEEEED73464F02&fileName=/typescript-4.3.0-insiders.20210418.tgz",
      "integrity": "sha512-YU5To7jqbwhLpBJoq9XlHJD/lsFwyby6R4j1BHHZWcgNxxnf/B1hk68cRVQmX4eiC++AQGiDCjeWP+0o367JEg==",
      "dev": true,
      "license": "Apache-2.0",
      "bin": {
        "tsc": "bin/tsc",
        "tsserver": "bin/tsserver"
      },
      "engines": {
        "node": ">=4.2.0"
      }
    }
  },
  "dependencies": {
    "typescript": {
      "version": "https://typescript.visualstudio.com/cf7ac146-d525-443c-b23c-0d58337efebc/_apis/build/builds/101226/artifacts?artifactName=tgz&fileId=52B72C8EFE9367109126FF631C5367AC4E9A15482B3AD34AB472EEEEED73464F02&fileName=/typescript-4.3.0-insiders.20210418.tgz",
      "integrity": "sha512-YU5To7jqbwhLpBJoq9XlHJD/lsFwyby6R4j1BHHZWcgNxxnf/B1hk68cRVQmX4eiC++AQGiDCjeWP+0o367JEg==",
      "dev": true
    }
  }
}
