{
  "name": "io-next",
  "version": "1.0.0",
  "lockfileVersion": 2,
  "requires": true,
  "packages": {
    "": {
      "version": "1.0.0",
      "license": "MIT",
      "devDependencies": {
        "typescript": "npm:@typescript-deploys/pr-build@4.3.0-pr-38305-57"
      }
    },
    "node_modules/typescript": {
      "name": "@typescript-deploys/pr-build",
      "version": "4.3.0-pr-38305-57",
      "resolved": "https://registry.npmjs.org/@typescript-deploys/pr-build/-/pr-build-4.3.0-pr-38305-57.tgz",
      "integrity": "sha512-O3CJDvSEXLpKF9X0zxbH5uNbablvmipr5dHS6oSnWCm3v/QX7GEVBHcJpg0AWukqtkGYHh9QedDU1h02rclGnQ==",
      "dev": true,
      "bin": {
        "tsc": "bin/tsc",
        "tsserver": "bin/tsserver"
      },
      "engines": {
        "node": ">=4.2.0"
      }
    }
  },
  "dependencies": {
    "typescript": {
      "version": "npm:@typescript-deploys/pr-build@4.3.0-pr-38305-57",
      "resolved": "https://registry.npmjs.org/@typescript-deploys/pr-build/-/pr-build-4.3.0-pr-38305-57.tgz",
      "integrity": "sha512-O3CJDvSEXLpKF9X0zxbH5uNbablvmipr5dHS6oSnWCm3v/QX7GEVBHcJpg0AWukqtkGYHh9QedDU1h02rclGnQ==",
      "dev": true
    }
  }
}
